
Microsoft Visual Studio Solution File, Format Version 12.00
# Visual Studio 2012
Project("{FAE04EC0-301F-11D3-BF4B-00C04F79EFBC}") = "Core.Portable", "Core.Portable\Core.Portable.csproj", "{6E2D2753-B286-441D-AC3B-8E0CA2549C15}"
EndProject
Project("{FAE04EC0-301F-11D3-BF4B-00C04F79EFBC}") = "Core.Platform", "Core.Platform\Core.Platform.csproj", "{2EBEDE28-9645-4A48-BCDA-1013090277BD}"
EndProject
Project("{FAE04EC0-301F-11D3-BF4B-00C04F79EFBC}") = "Core.Calendar", "Core.Calendar\Core.Calendar.csproj", "{DAE4783E-9B3D-4EFA-A521-87B8F0E410D9}"
EndProject
Project("{FAE04EC0-301F-11D3-BF4B-00C04F79EFBC}") = "Core.Calendar.Google", "Core.Calendar.Google\Core.Calendar.Google.csproj", "{128D877C-DECA-4EA7-A34D-12E7E38E69C5}"
EndProject
Project("{FAE04EC0-301F-11D3-BF4B-00C04F79EFBC}") = "Core.Tests.Calendar.Google", "..\Core.Tests\Core.Tests.Calendar.Google\Core.Tests.Calendar.Google.csproj", "{122998F6-7FB5-4F2F-BC66-05A6482C7122}"
EndProject
Global
	GlobalSection(SolutionConfigurationPlatforms) = preSolution
		Debug|Any CPU = Debug|Any CPU
		Release|Any CPU = Release|Any CPU
	EndGlobalSection
	GlobalSection(ProjectConfigurationPlatforms) = postSolution
		{122998F6-7FB5-4F2F-BC66-05A6482C7122}.Debug|Any CPU.ActiveCfg = Debug|Any CPU
		{122998F6-7FB5-4F2F-BC66-05A6482C7122}.Debug|Any CPU.Build.0 = Debug|Any CPU
		{122998F6-7FB5-4F2F-BC66-05A6482C7122}.Release|Any CPU.ActiveCfg = Release|Any CPU
		{122998F6-7FB5-4F2F-BC66-05A6482C7122}.Release|Any CPU.Build.0 = Release|Any CPU
		{128D877C-DECA-4EA7-A34D-12E7E38E69C5}.Debug|Any CPU.ActiveCfg = Debug|Any CPU
		{128D877C-DECA-4EA7-A34D-12E7E38E69C5}.Debug|Any CPU.Build.0 = Debug|Any CPU
		{128D877C-DECA-4EA7-A34D-12E7E38E69C5}.Release|Any CPU.ActiveCfg = Release|Any CPU
		{128D877C-DECA-4EA7-A34D-12E7E38E69C5}.Release|Any CPU.Build.0 = Release|Any CPU
		{2EBEDE28-9645-4A48-BCDA-1013090277BD}.Debug|Any CPU.ActiveCfg = Debug|Any CPU
		{2EBEDE28-9645-4A48-BCDA-1013090277BD}.Debug|Any CPU.Build.0 = Debug|Any CPU
		{2EBEDE28-9645-4A48-BCDA-1013090277BD}.Release|Any CPU.ActiveCfg = Release|Any CPU
		{2EBEDE28-9645-4A48-BCDA-1013090277BD}.Release|Any CPU.Build.0 = Release|Any CPU
		{6E2D2753-B286-441D-AC3B-8E0CA2549C15}.Debug|Any CPU.ActiveCfg = Debug|Any CPU
		{6E2D2753-B286-441D-AC3B-8E0CA2549C15}.Debug|Any CPU.Build.0 = Debug|Any CPU
		{6E2D2753-B286-441D-AC3B-8E0CA2549C15}.Release|Any CPU.ActiveCfg = Release|Any CPU
		{6E2D2753-B286-441D-AC3B-8E0CA2549C15}.Release|Any CPU.Build.0 = Release|Any CPU
		{DAE4783E-9B3D-4EFA-A521-87B8F0E410D9}.Debug|Any CPU.ActiveCfg = Debug|Any CPU
		{DAE4783E-9B3D-4EFA-A521-87B8F0E410D9}.Debug|Any CPU.Build.0 = Debug|Any CPU
		{DAE4783E-9B3D-4EFA-A521-87B8F0E410D9}.Release|Any CPU.ActiveCfg = Release|Any CPU
		{DAE4783E-9B3D-4EFA-A521-87B8F0E410D9}.Release|Any CPU.Build.0 = Release|Any CPU
	EndGlobalSection
EndGlobal
