
Microsoft Visual Studio Solution File, Format Version 12.00
# Visual Studio 2012
Project("{FAE04EC0-301F-11D3-BF4B-00C04F79EFBC}") = "Core.Portable", "Core.Portable\Core.Portable.csproj", "{6E2D2753-B286-441D-AC3B-8E0CA2549C15}"
EndProject
Project("{FAE04EC0-301F-11D3-BF4B-00C04F79EFBC}") = "Core.Platform", "Core.Platform\Core.Platform.csproj", "{2EBEDE28-9645-4A48-BCDA-1013090277BD}"
EndProject
Project("{FAE04EC0-301F-11D3-BF4B-00C04F79EFBC}") = "Core.Calendar", "Core.Calendar\Core.Calendar.csproj", "{DAE4783E-9B3D-4EFA-A521-87B8F0E410D9}"
EndProject
Project("{FAE04EC0-301F-11D3-BF4B-00C04F79EFBC}") = "Core.Calendar.Google", "Core.Calendar.Google\Core.Calendar.Google.csproj", "{128D877C-DECA-4EA7-A34D-12E7E38E69C5}"
EndProject
Project("{FAE04EC0-301F-11D3-BF4B-00C04F79EFBC}") = "Core.Tests.Calendar.Google", "..\Core.Tests\Core.Tests.Calendar.Google\Core.Tests.Calendar.Google.csproj", "{122998F6-7FB5-4F2F-BC66-05A6482C7122}"
EndProject
Project("{FAE04EC0-301F-11D3-BF4B-00C04F79EFBC}") = "Core.Google.Auth.Desktop", "Core.Google.Auth.Desktop\Core.Google.Auth.Desktop.csproj", "{6C233EAE-D707-4218-A73D-0A5E68A2EED8}"
EndProject
Project("{FAE04EC0-301F-11D3-BF4B-00C04F79EFBC}") = "Core.Shell.Common", "Core.Shell.Common\Core.Shell.Common.csproj", "{2CD72EA9-9238-470E-84E8-F364E8C915E3}"
EndProject
Project("{FAE04EC0-301F-11D3-BF4B-00C04F79EFBC}") = "Core.Shell", "Core.Shell\Core.Shell.csproj", "{3279A7E2-D808-455E-A269-6FDBA9878835}"
EndProject
Project("{FAE04EC0-301F-11D3-BF4B-00C04F79EFBC}") = "Core.Markdown", "Core.Markdown\Core.Markdown.csproj", "{31E636E0-F93F-484D-98A1-DDE26C0227D6}"
EndProject
Project("{FAE04EC0-301F-11D3-BF4B-00C04F79EFBC}") = "Core.UnitTests.Common", "..\Core.Unittests\Core.UnitTests.Common\Core.UnitTests.Common.csproj", "{0411DCAC-6339-40EA-B691-1E960C97CE5E}"
EndProject
Project("{FAE04EC0-301F-11D3-BF4B-00C04F79EFBC}") = "Core.Ink", "Core.Ink\Core.Ink.csproj", "{1774AAC2-7557-4452-AA9F-E787A1401EFD}"
EndProject
Project("{FAE04EC0-301F-11D3-BF4B-00C04F79EFBC}") = "Mono.Options-PCL", "Mono.Options-PCL\Mono.Options-PCL.csproj", "{807E6868-2F7F-4CC3-8482-284C606834E4}"
EndProject
Project("{FAE04EC0-301F-11D3-BF4B-00C04F79EFBC}") = "Core.UnitTests.Shell", "..\Core.Unittests\Core.UnitTests.Shell\Core.UnitTests.Shell.csproj", "{6C1684AD-5B79-4168-80B5-FCD237F09FD5}"
EndProject
Project("{FAE04EC0-301F-11D3-BF4B-00C04F79EFBC}") = "Core.Shell.Platform", "Core.Shell.Platform\Core.Shell.Platform.csproj", "{A286F6DE-1F31-4A5E-8DDE-BA9395952057}"
EndProject
Project("{FAE04EC0-301F-11D3-BF4B-00C04F79EFBC}") = "Core.Platform.Linux", "Core.Platform.Linux\Core.Platform.Linux.csproj", "{CF1191AD-CA9B-4781-AB2B-D5ABE342C6C6}"
EndProject
Global
	GlobalSection(SolutionConfigurationPlatforms) = preSolution
		Debug|Any CPU = Debug|Any CPU
		Release|Any CPU = Release|Any CPU
	EndGlobalSection
	GlobalSection(ProjectConfigurationPlatforms) = postSolution
		{0411DCAC-6339-40EA-B691-1E960C97CE5E}.Debug|Any CPU.ActiveCfg = Debug|Any CPU
		{0411DCAC-6339-40EA-B691-1E960C97CE5E}.Debug|Any CPU.Build.0 = Debug|Any CPU
		{0411DCAC-6339-40EA-B691-1E960C97CE5E}.Release|Any CPU.ActiveCfg = Release|Any CPU
		{0411DCAC-6339-40EA-B691-1E960C97CE5E}.Release|Any CPU.Build.0 = Release|Any CPU
		{122998F6-7FB5-4F2F-BC66-05A6482C7122}.Debug|Any CPU.ActiveCfg = Debug|Any CPU
		{122998F6-7FB5-4F2F-BC66-05A6482C7122}.Debug|Any CPU.Build.0 = Debug|Any CPU
		{122998F6-7FB5-4F2F-BC66-05A6482C7122}.Release|Any CPU.ActiveCfg = Release|Any CPU
		{122998F6-7FB5-4F2F-BC66-05A6482C7122}.Release|Any CPU.Build.0 = Release|Any CPU
		{128D877C-DECA-4EA7-A34D-12E7E38E69C5}.Debug|Any CPU.ActiveCfg = Debug|Any CPU
		{128D877C-DECA-4EA7-A34D-12E7E38E69C5}.Debug|Any CPU.Build.0 = Debug|Any CPU
		{128D877C-DECA-4EA7-A34D-12E7E38E69C5}.Release|Any CPU.ActiveCfg = Release|Any CPU
		{128D877C-DECA-4EA7-A34D-12E7E38E69C5}.Release|Any CPU.Build.0 = Release|Any CPU
		{1774AAC2-7557-4452-AA9F-E787A1401EFD}.Debug|Any CPU.ActiveCfg = Debug|Any CPU
		{1774AAC2-7557-4452-AA9F-E787A1401EFD}.Debug|Any CPU.Build.0 = Debug|Any CPU
		{1774AAC2-7557-4452-AA9F-E787A1401EFD}.Release|Any CPU.ActiveCfg = Release|Any CPU
		{1774AAC2-7557-4452-AA9F-E787A1401EFD}.Release|Any CPU.Build.0 = Release|Any CPU
		{2CD72EA9-9238-470E-84E8-F364E8C915E3}.Debug|Any CPU.ActiveCfg = Debug|Any CPU
		{2CD72EA9-9238-470E-84E8-F364E8C915E3}.Debug|Any CPU.Build.0 = Debug|Any CPU
		{2CD72EA9-9238-470E-84E8-F364E8C915E3}.Release|Any CPU.ActiveCfg = Release|Any CPU
		{2CD72EA9-9238-470E-84E8-F364E8C915E3}.Release|Any CPU.Build.0 = Release|Any CPU
		{2EBEDE28-9645-4A48-BCDA-1013090277BD}.Debug|Any CPU.ActiveCfg = Debug|Any CPU
		{2EBEDE28-9645-4A48-BCDA-1013090277BD}.Debug|Any CPU.Build.0 = Debug|Any CPU
		{2EBEDE28-9645-4A48-BCDA-1013090277BD}.Release|Any CPU.ActiveCfg = Release|Any CPU
		{2EBEDE28-9645-4A48-BCDA-1013090277BD}.Release|Any CPU.Build.0 = Release|Any CPU
		{31E636E0-F93F-484D-98A1-DDE26C0227D6}.Debug|Any CPU.ActiveCfg = Debug|Any CPU
		{31E636E0-F93F-484D-98A1-DDE26C0227D6}.Debug|Any CPU.Build.0 = Debug|Any CPU
		{31E636E0-F93F-484D-98A1-DDE26C0227D6}.Release|Any CPU.ActiveCfg = Release|Any CPU
		{31E636E0-F93F-484D-98A1-DDE26C0227D6}.Release|Any CPU.Build.0 = Release|Any CPU
		{3279A7E2-D808-455E-A269-6FDBA9878835}.Debug|Any CPU.ActiveCfg = Debug|Any CPU
		{3279A7E2-D808-455E-A269-6FDBA9878835}.Debug|Any CPU.Build.0 = Debug|Any CPU
		{3279A7E2-D808-455E-A269-6FDBA9878835}.Release|Any CPU.ActiveCfg = Release|Any CPU
		{3279A7E2-D808-455E-A269-6FDBA9878835}.Release|Any CPU.Build.0 = Release|Any CPU
		{6C1684AD-5B79-4168-80B5-FCD237F09FD5}.Debug|Any CPU.ActiveCfg = Debug|Any CPU
		{6C1684AD-5B79-4168-80B5-FCD237F09FD5}.Debug|Any CPU.Build.0 = Debug|Any CPU
		{6C1684AD-5B79-4168-80B5-FCD237F09FD5}.Release|Any CPU.ActiveCfg = Release|Any CPU
		{6C1684AD-5B79-4168-80B5-FCD237F09FD5}.Release|Any CPU.Build.0 = Release|Any CPU
		{6C233EAE-D707-4218-A73D-0A5E68A2EED8}.Debug|Any CPU.ActiveCfg = Debug|Any CPU
		{6C233EAE-D707-4218-A73D-0A5E68A2EED8}.Debug|Any CPU.Build.0 = Debug|Any CPU
		{6C233EAE-D707-4218-A73D-0A5E68A2EED8}.Release|Any CPU.ActiveCfg = Release|Any CPU
		{6C233EAE-D707-4218-A73D-0A5E68A2EED8}.Release|Any CPU.Build.0 = Release|Any CPU
		{6E2D2753-B286-441D-AC3B-8E0CA2549C15}.Debug|Any CPU.ActiveCfg = Debug|Any CPU
		{6E2D2753-B286-441D-AC3B-8E0CA2549C15}.Debug|Any CPU.Build.0 = Debug|Any CPU
		{6E2D2753-B286-441D-AC3B-8E0CA2549C15}.Release|Any CPU.ActiveCfg = Release|Any CPU
		{6E2D2753-B286-441D-AC3B-8E0CA2549C15}.Release|Any CPU.Build.0 = Release|Any CPU
		{807E6868-2F7F-4CC3-8482-284C606834E4}.Debug|Any CPU.ActiveCfg = Debug|Any CPU
		{807E6868-2F7F-4CC3-8482-284C606834E4}.Debug|Any CPU.Build.0 = Debug|Any CPU
		{807E6868-2F7F-4CC3-8482-284C606834E4}.Release|Any CPU.ActiveCfg = Release|Any CPU
		{807E6868-2F7F-4CC3-8482-284C606834E4}.Release|Any CPU.Build.0 = Release|Any CPU
		{A286F6DE-1F31-4A5E-8DDE-BA9395952057}.Debug|Any CPU.ActiveCfg = Debug|Any CPU
		{A286F6DE-1F31-4A5E-8DDE-BA9395952057}.Debug|Any CPU.Build.0 = Debug|Any CPU
		{A286F6DE-1F31-4A5E-8DDE-BA9395952057}.Release|Any CPU.ActiveCfg = Release|Any CPU
		{A286F6DE-1F31-4A5E-8DDE-BA9395952057}.Release|Any CPU.Build.0 = Release|Any CPU
		{CF1191AD-CA9B-4781-AB2B-D5ABE342C6C6}.Debug|Any CPU.ActiveCfg = Debug|Any CPU
		{CF1191AD-CA9B-4781-AB2B-D5ABE342C6C6}.Debug|Any CPU.Build.0 = Debug|Any CPU
		{CF1191AD-CA9B-4781-AB2B-D5ABE342C6C6}.Release|Any CPU.ActiveCfg = Release|Any CPU
		{CF1191AD-CA9B-4781-AB2B-D5ABE342C6C6}.Release|Any CPU.Build.0 = Release|Any CPU
		{DAE4783E-9B3D-4EFA-A521-87B8F0E410D9}.Debug|Any CPU.ActiveCfg = Debug|Any CPU
		{DAE4783E-9B3D-4EFA-A521-87B8F0E410D9}.Debug|Any CPU.Build.0 = Debug|Any CPU
		{DAE4783E-9B3D-4EFA-A521-87B8F0E410D9}.Release|Any CPU.ActiveCfg = Release|Any CPU
		{DAE4783E-9B3D-4EFA-A521-87B8F0E410D9}.Release|Any CPU.Build.0 = Release|Any CPU
	EndGlobalSection
	GlobalSection(MonoDevelopProperties) = preSolution
		Policies = $0
		$0.DotNetNamingPolicy = $1
		$1.DirectoryNamespaceAssociation = PrefixedHierarchical
		$1.ResourceNamePolicy = FileFormatDefault
	EndGlobalSection
EndGlobal
